
Microsoft Visual Studio Solution File, Format Version 12.00
Project("{FAE04EC0-301F-11D3-BF4B-00C04F79EFBC}") = "twitter_service", "twitter_service.csproj", "{5624E718-CA9C-42B9-A35F-60DCBFA6EB80}"
EndProject
Global
	GlobalSection(SolutionConfigurationPlatforms) = preSolution
		Debug|Any CPU = Debug|Any CPU
		Release|Any CPU = Release|Any CPU
	EndGlobalSection
	GlobalSection(ProjectConfigurationPlatforms) = postSolution
		{5624E718-CA9C-42B9-A35F-60DCBFA6EB80}.Debug|Any CPU.ActiveCfg = Debug|Any CPU
		{5624E718-CA9C-42B9-A35F-60DCBFA6EB80}.Debug|Any CPU.Build.0 = Debug|Any CPU
		{5624E718-CA9C-42B9-A35F-60DCBFA6EB80}.Release|Any CPU.ActiveCfg = Release|Any CPU
		{5624E718-CA9C-42B9-A35F-60DCBFA6EB80}.Release|Any CPU.Build.0 = Release|Any CPU
	EndGlobalSection
EndGlobal
